<Solution>
  <Folder Name="/Documentation/">
    <File Path="Documentation/AGENTS.md" />
    <File Path="Documentation/README.md" />
  </Folder>
  <Folder Name="/Documentation/Business logic/">
    <File Path="Documentation/Business logic/01-purpose-and-scope.md" />
    <File Path="Documentation/Business logic/02-dialogs-and-tools.md" />
    <File Path="Documentation/Business logic/03-context-and-compaction.md" />
    <File Path="Documentation/Business logic/04-storage-and-retention.md" />
    <File Path="Documentation/Business logic/05-application-configuration.md" />
    <File Path="Documentation/Business logic/06-models-and-status.md" />
    <File Path="Documentation/Business logic/07-users-and-access.md" />
    <File Path="Documentation/Business logic/08-tools-and-permissions.md" />
    <File Path="Documentation/Business logic/09-errors-and-recovery.md" />
    <File Path="Documentation/Business logic/10-scenarios-and-limitations.md" />
    <File Path="Documentation/Business logic/README.md" />
  </Folder>
  <Folder Name="/Documentation/Plans/">
    <File Path="Documentation/Plans/AGENTS.md" />
    <File Path="Documentation/Plans/README.md" />
  </Folder>
  <Folder Name="/Documentation/Plans/AgentBridge Audit Remediation/">
    <File Path="Documentation/Plans/AgentBridge Audit Remediation/00-baseline-and-scope.md" />
    <File Path="Documentation/Plans/AgentBridge Audit Remediation/01-initialization-gate.md" />
    <File Path="Documentation/Plans/AgentBridge Audit Remediation/02-maintenance-primary-errors.md" />
    <File Path="Documentation/Plans/AgentBridge Audit Remediation/03-runner-cleanup-cancellation.md" />
    <File Path="Documentation/Plans/AgentBridge Audit Remediation/04-empty-sse-cancellation.md" />
    <File Path="Documentation/Plans/AgentBridge Audit Remediation/05-restore-chronology.md" />
    <File Path="Documentation/Plans/AgentBridge Audit Remediation/06-http-disposal.md" />
    <File Path="Documentation/Plans/AgentBridge Audit Remediation/07-gated-test-cleanup.md" />
    <File Path="Documentation/Plans/AgentBridge Audit Remediation/08-documentation-alignment.md" />
    <File Path="Documentation/Plans/AgentBridge Audit Remediation/09-openspec-reconciliation.md" />
    <File Path="Documentation/Plans/AgentBridge Audit Remediation/10-nested-controls-contract.md" />
    <File Path="Documentation/Plans/AgentBridge Audit Remediation/11-repeated-call-pairing.md" />
    <File Path="Documentation/Plans/AgentBridge Audit Remediation/12-sql-server-provider.md" />
    <File Path="Documentation/Plans/AgentBridge Audit Remediation/13-strict-configuration.md" />
    <File Path="Documentation/Plans/AgentBridge Audit Remediation/14-simplified-registration.md" />
    <File Path="Documentation/Plans/AgentBridge Audit Remediation/15-multiplatform-delivery.md" />
    <File Path="Documentation/Plans/AgentBridge Audit Remediation/16-isolated-regression-and-delivery.md" />
    <File Path="Documentation/Plans/AgentBridge Audit Remediation/17-provider-verification.md" />
    <File Path="Documentation/Plans/AgentBridge Audit Remediation/18-runtime-delivery.md" />
    <File Path="Documentation/Plans/AgentBridge Audit Remediation/19-live-contracts-and-recovery.md" />
    <File Path="Documentation/Plans/AgentBridge Audit Remediation/20-final-acceptance.md" />
    <File Path="Documentation/Plans/AgentBridge Audit Remediation/Decisions.md" />
    <File Path="Documentation/Plans/AgentBridge Audit Remediation/README.md" />
  </Folder>
  <Folder Name="/Documentation/Plans/AgentBridge Initial Implementation/">
    <File Path="Documentation/Plans/AgentBridge Initial Implementation/00-contract-baseline.md" />
    <File Path="Documentation/Plans/AgentBridge Initial Implementation/01-solution-foundation.md" />
    <File Path="Documentation/Plans/AgentBridge Initial Implementation/02-configuration-and-defaults.md" />
    <File Path="Documentation/Plans/AgentBridge Initial Implementation/03-serilog-integration.md" />
    <File Path="Documentation/Plans/AgentBridge Initial Implementation/04-httpclientlibrary-logging.md" />
    <File Path="Documentation/Plans/AgentBridge Initial Implementation/05-efcorelibrary-maintenance.md" />
    <File Path="Documentation/Plans/AgentBridge Initial Implementation/06-dialog-domain-state.md" />
    <File Path="Documentation/Plans/AgentBridge Initial Implementation/07-application-ports.md" />
    <File Path="Documentation/Plans/AgentBridge Initial Implementation/08-persistence-models.md" />
    <File Path="Documentation/Plans/AgentBridge Initial Implementation/09-base-repository-adapters.md" />
    <File Path="Documentation/Plans/AgentBridge Initial Implementation/10-scenario-unit-of-work.md" />
    <File Path="Documentation/Plans/AgentBridge Initial Implementation/11-initial-provider-migrations.md" />
    <File Path="Documentation/Plans/AgentBridge Initial Implementation/12-database-startup-and-backup.md" />
    <File Path="Documentation/Plans/AgentBridge Initial Implementation/13-model-catalog-and-keys.md" />
    <File Path="Documentation/Plans/AgentBridge Initial Implementation/14-responses-json-adapter.md" />
    <File Path="Documentation/Plans/AgentBridge Initial Implementation/15-responses-sse-adapter.md" />
    <File Path="Documentation/Plans/AgentBridge Initial Implementation/16-context-composition.md" />
    <File Path="Documentation/Plans/AgentBridge Initial Implementation/17-model-tokenizer.md" />
    <File Path="Documentation/Plans/AgentBridge Initial Implementation/18-context-compaction.md" />
    <File Path="Documentation/Plans/AgentBridge Initial Implementation/19-application-tools.md" />
    <File Path="Documentation/Plans/AgentBridge Initial Implementation/20-agent-turn-orchestration.md" />
    <File Path="Documentation/Plans/AgentBridge Initial Implementation/21-settings-and-dialog-status.md" />
    <File Path="Documentation/Plans/AgentBridge Initial Implementation/22-expired-dialog-cleanup.md" />
    <File Path="Documentation/Plans/AgentBridge Initial Implementation/23-cross-component-verification.md" />
    <File Path="Documentation/Plans/AgentBridge Initial Implementation/24-dll-delivery.md" />
    <File Path="Documentation/Plans/AgentBridge Initial Implementation/25-usage-guide-and-closure.md" />
    <File Path="Documentation/Plans/AgentBridge Initial Implementation/README.md" />
  </Folder>
  <Folder Name="/Documentation/Plans/AgentBridge Quality Audit/">
    <File Path="Documentation/Plans/AgentBridge Quality Audit/00-contract-baseline.md" />
    <File Path="Documentation/Plans/AgentBridge Quality Audit/01-configuration-and-access.md" />
    <File Path="Documentation/Plans/AgentBridge Quality Audit/02-domain-invariants.md" />
    <File Path="Documentation/Plans/AgentBridge Quality Audit/03-persistence-reads.md" />
    <File Path="Documentation/Plans/AgentBridge Quality Audit/04-writes-and-concurrency.md" />
    <File Path="Documentation/Plans/AgentBridge Quality Audit/05-migrations-and-maintenance.md" />
    <File Path="Documentation/Plans/AgentBridge Quality Audit/06-http-json-contracts.md" />
    <File Path="Documentation/Plans/AgentBridge Quality Audit/07-sse-and-cancellation.md" />
    <File Path="Documentation/Plans/AgentBridge Quality Audit/08-context-composition.md" />
    <File Path="Documentation/Plans/AgentBridge Quality Audit/09-token-budget-and-compaction.md" />
    <File Path="Documentation/Plans/AgentBridge Quality Audit/10-tools-and-side-effects.md" />
    <File Path="Documentation/Plans/AgentBridge Quality Audit/11-agent-run-and-recovery.md" />
    <File Path="Documentation/Plans/AgentBridge Quality Audit/12-status-and-cleanup.md" />
    <File Path="Documentation/Plans/AgentBridge Quality Audit/13-dll-delivery.md" />
    <File Path="Documentation/Plans/AgentBridge Quality Audit/14-test-evidence-and-gaps.md" />
    <File Path="Documentation/Plans/AgentBridge Quality Audit/15-final-reconciliation.md" />
    <File Path="Documentation/Plans/AgentBridge Quality Audit/Baseline.md" />
    <File Path="Documentation/Plans/AgentBridge Quality Audit/Findings.md" />
    <File Path="Documentation/Plans/AgentBridge Quality Audit/Methodology.md" />
    <File Path="Documentation/Plans/AgentBridge Quality Audit/README.md" />
  </Folder>
  <Folder Name="/Documentation/Technical documentation/">
    <File Path="Documentation/Technical documentation/01-architecture.md" />
    <File Path="Documentation/Technical documentation/02-efcorelibrary.md" />
    <File Path="Documentation/Technical documentation/03-http-and-codex-lb.md" />
    <File Path="Documentation/Technical documentation/04-telegram-relay-reuse.md" />
    <File Path="Documentation/Technical documentation/05-configuration-and-lifecycle.md" />
    <File Path="Documentation/Technical documentation/06-database-maintenance.md" />
    <File Path="Documentation/Technical documentation/07-tokenizer-and-settings.md" />
    <File Path="Documentation/Technical documentation/08-dialog-domain-state.md" />
    <File Path="Documentation/Technical documentation/09-application-ports.md" />
    <File Path="Documentation/Technical documentation/10-scenario-unit-of-work.md" />
    <File Path="Documentation/Technical documentation/11-provider-migrations.md" />
    <File Path="Documentation/Technical documentation/13-model-catalog-and-keys.md" />
    <File Path="Documentation/Technical documentation/14-responses-json-adapter.md" />
    <File Path="Documentation/Technical documentation/15-responses-sse-adapter.md" />
    <File Path="Documentation/Technical documentation/16-context-composition.md" />
    <File Path="Documentation/Technical documentation/18-context-compaction.md" />
    <File Path="Documentation/Technical documentation/19-application-tools.md" />
    <File Path="Documentation/Technical documentation/20-agent-turn-orchestration.md" />
    <File Path="Documentation/Technical documentation/21-settings-and-dialog-status.md" />
    <File Path="Documentation/Technical documentation/22-expired-dialog-cleanup.md" />
    <File Path="Documentation/Technical documentation/24-dll-delivery.md" />
    <File Path="Documentation/Technical documentation/25-usage-guide.md" />
    <File Path="Documentation/Technical documentation/README.md" />
  </Folder>
  <Project Path="agent-bridge.csproj" />
  <Folder Name="/Adapters/">
    <Project Path="adapters/AgentBridge.CodexLb/AgentBridge.CodexLb.csproj" />
    <Project Path="adapters/AgentBridge.Persistence.EfCore/AgentBridge.Persistence.EfCore.csproj" />
    <Project Path="adapters/AgentBridge.Persistence.Migrations.Sqlite/AgentBridge.Persistence.Migrations.Sqlite.csproj" />
    <Project Path="adapters/AgentBridge.Persistence.Migrations.PostgreSql/AgentBridge.Persistence.Migrations.PostgreSql.csproj" />
  </Folder>
  <Folder Name="/Tests/">
    <Project Path="tests/AgentBridge.Tests/AgentBridge.Tests.csproj" />
    <Project Path="tests/AgentBridge.CodexLb.Tests/AgentBridge.CodexLb.Tests.csproj" />
    <Project Path="tests/AgentBridge.Persistence.EfCore.Tests/AgentBridge.Persistence.EfCore.Tests.csproj" />
  </Folder>
</Solution>
